
Microsoft Visual Studio Solution File, Format Version 12.00
# Visual Studio Version 17
VisualStudioVersion = 17.12.35527.113 d17.12
MinimumVisualStudioVersion = 10.0.40219.1
Project("{FAE04EC0-301F-11D3-BF4B-00C04F79EFBC}") = "4_01", "4_01\4_01.csproj", "{74354BF8-8119-46F8-B7E8-0EAACB52E626}"
EndProject
Project("{FAE04EC0-301F-11D3-BF4B-00C04F79EFBC}") = "4_02", "4_02\4_02.csproj", "{2C4D9FF7-D26E-4200-82C7-A8A15191CE89}"
EndProject
Project("{FAE04EC0-301F-11D3-BF4B-00C04F79EFBC}") = "4_03", "4_03\4_03.csproj", "{A0147A0B-9D67-419A-9FFC-0B2F23361F27}"
EndProject
Project("{FAE04EC0-301F-11D3-BF4B-00C04F79EFBC}") = "4_04", "4_04\4_04.csproj", "{6963B088-032B-4E77-BD51-1C931E028B7B}"
EndProject
Project("{FAE04EC0-301F-11D3-BF4B-00C04F79EFBC}") = "4_05", "4_05\4_05.csproj", "{F91F4952-7731-4E8E-A771-55437737B2E5}"
EndProject
Project("{FAE04EC0-301F-11D3-BF4B-00C04F79EFBC}") = "4_06", "4_06\4_06.csproj", "{9EC6C8BD-93B8-42C0-B2F6-C1845BE708BF}"
EndProject
Project("{FAE04EC0-301F-11D3-BF4B-00C04F79EFBC}") = "4_07", "4_07\4_07.csproj", "{9F154A71-C066-4B66-9558-E4E3B8CAEFCA}"
EndProject
Project("{FAE04EC0-301F-11D3-BF4B-00C04F79EFBC}") = "4_08", "4_08\4_08.csproj", "{325A89F1-EC13-4351-ACBC-1A671758F08F}"
EndProject
Project("{FAE04EC0-301F-11D3-BF4B-00C04F79EFBC}") = "4_09", "4_09\4_09.csproj", "{6A447106-8998-42C1-9AAF-6279C6E64338}"
EndProject
Project("{FAE04EC0-301F-11D3-BF4B-00C04F79EFBC}") = "4_10", "4_10\4_10.csproj", "{A85F4620-10CC-4192-B146-9844C1E26312}"
EndProject
Global
	GlobalSection(SolutionConfigurationPlatforms) = preSolution
		Debug|Any CPU = Debug|Any CPU
		Release|Any CPU = Release|Any CPU
	EndGlobalSection
	GlobalSection(ProjectConfigurationPlatforms) = postSolution
		{74354BF8-8119-46F8-B7E8-0EAACB52E626}.Debug|Any CPU.ActiveCfg = Debug|Any CPU
		{74354BF8-8119-46F8-B7E8-0EAACB52E626}.Debug|Any CPU.Build.0 = Debug|Any CPU
		{74354BF8-8119-46F8-B7E8-0EAACB52E626}.Release|Any CPU.ActiveCfg = Release|Any CPU
		{74354BF8-8119-46F8-B7E8-0EAACB52E626}.Release|Any CPU.Build.0 = Release|Any CPU
		{2C4D9FF7-D26E-4200-82C7-A8A15191CE89}.Debug|Any CPU.ActiveCfg = Debug|Any CPU
		{2C4D9FF7-D26E-4200-82C7-A8A15191CE89}.Debug|Any CPU.Build.0 = Debug|Any CPU
		{2C4D9FF7-D26E-4200-82C7-A8A15191CE89}.Release|Any CPU.ActiveCfg = Release|Any CPU
		{2C4D9FF7-D26E-4200-82C7-A8A15191CE89}.Release|Any CPU.Build.0 = Release|Any CPU
		{A0147A0B-9D67-419A-9FFC-0B2F23361F27}.Debug|Any CPU.ActiveCfg = Debug|Any CPU
		{A0147A0B-9D67-419A-9FFC-0B2F23361F27}.Debug|Any CPU.Build.0 = Debug|Any CPU
		{A0147A0B-9D67-419A-9FFC-0B2F23361F27}.Release|Any CPU.ActiveCfg = Release|Any CPU
		{A0147A0B-9D67-419A-9FFC-0B2F23361F27}.Release|Any CPU.Build.0 = Release|Any CPU
		{6963B088-032B-4E77-BD51-1C931E028B7B}.Debug|Any CPU.ActiveCfg = Debug|Any CPU
		{6963B088-032B-4E77-BD51-1C931E028B7B}.Debug|Any CPU.Build.0 = Debug|Any CPU
		{6963B088-032B-4E77-BD51-1C931E028B7B}.Release|Any CPU.ActiveCfg = Release|Any CPU
		{6963B088-032B-4E77-BD51-1C931E028B7B}.Release|Any CPU.Build.0 = Release|Any CPU
		{F91F4952-7731-4E8E-A771-55437737B2E5}.Debug|Any CPU.ActiveCfg = Debug|Any CPU
		{F91F4952-7731-4E8E-A771-55437737B2E5}.Debug|Any CPU.Build.0 = Debug|Any CPU
		{F91F4952-7731-4E8E-A771-55437737B2E5}.Release|Any CPU.ActiveCfg = Release|Any CPU
		{F91F4952-7731-4E8E-A771-55437737B2E5}.Release|Any CPU.Build.0 = Release|Any CPU
		{9EC6C8BD-93B8-42C0-B2F6-C1845BE708BF}.Debug|Any CPU.ActiveCfg = Debug|Any CPU
		{9EC6C8BD-93B8-42C0-B2F6-C1845BE708BF}.Debug|Any CPU.Build.0 = Debug|Any CPU
		{9EC6C8BD-93B8-42C0-B2F6-C1845BE708BF}.Release|Any CPU.ActiveCfg = Release|Any CPU
		{9EC6C8BD-93B8-42C0-B2F6-C1845BE708BF}.Release|Any CPU.Build.0 = Release|Any CPU
		{9F154A71-C066-4B66-9558-E4E3B8CAEFCA}.Debug|Any CPU.ActiveCfg = Debug|Any CPU
		{9F154A71-C066-4B66-9558-E4E3B8CAEFCA}.Debug|Any CPU.Build.0 = Debug|Any CPU
		{9F154A71-C066-4B66-9558-E4E3B8CAEFCA}.Release|Any CPU.ActiveCfg = Release|Any CPU
		{9F154A71-C066-4B66-9558-E4E3B8CAEFCA}.Release|Any CPU.Build.0 = Release|Any CPU
		{325A89F1-EC13-4351-ACBC-1A671758F08F}.Debug|Any CPU.ActiveCfg = Debug|Any CPU
		{325A89F1-EC13-4351-ACBC-1A671758F08F}.Debug|Any CPU.Build.0 = Debug|Any CPU
		{325A89F1-EC13-4351-ACBC-1A671758F08F}.Release|Any CPU.ActiveCfg = Release|Any CPU
		{325A89F1-EC13-4351-ACBC-1A671758F08F}.Release|Any CPU.Build.0 = Release|Any CPU
		{6A447106-8998-42C1-9AAF-6279C6E64338}.Debug|Any CPU.ActiveCfg = Debug|Any CPU
		{6A447106-8998-42C1-9AAF-6279C6E64338}.Debug|Any CPU.Build.0 = Debug|Any CPU
		{6A447106-8998-42C1-9AAF-6279C6E64338}.Release|Any CPU.ActiveCfg = Release|Any CPU
		{6A447106-8998-42C1-9AAF-6279C6E64338}.Release|Any CPU.Build.0 = Release|Any CPU
		{A85F4620-10CC-4192-B146-9844C1E26312}.Debug|Any CPU.ActiveCfg = Debug|Any CPU
		{A85F4620-10CC-4192-B146-9844C1E26312}.Debug|Any CPU.Build.0 = Debug|Any CPU
		{A85F4620-10CC-4192-B146-9844C1E26312}.Release|Any CPU.ActiveCfg = Release|Any CPU
		{A85F4620-10CC-4192-B146-9844C1E26312}.Release|Any CPU.Build.0 = Release|Any CPU
	EndGlobalSection
	GlobalSection(SolutionProperties) = preSolution
		HideSolutionNode = FALSE
	EndGlobalSection
EndGlobal
